{
    "_readme": [
        "This file locks the dependencies of your project to a known state",
        "Read more about it at https://getcomposer.org/doc/01-basic-usage.md#installing-dependencies",
        "This file is @generated automatically"
    ],
    "content-hash": "578596fc7070c80f79f13f044fa262bf",
    "packages": [
        {
            "name": "incomaker/api",
            "version": "3.0.0",
            "source": {
                "type": "git",
                "url": "https://github.com/incomaker/api.git",
                "reference": "ba223b24861978b4df4d87760fdfed733bd0a7a1"
            },
            "dist": {
                "type": "zip",
                "url": "https://api.github.com/repos/incomaker/api/zipball/ba223b24861978b4df4d87760fdfed733bd0a7a1",
                "reference": "ba223b24861978b4df4d87760fdfed733bd0a7a1",
                "shasum": ""
            },
            "require": {
                "ext-json": "*"
            },
            "type": "library",
            "autoload": {
                "psr-4": {
                    "Incomaker\\Api\\": ""
                }
            },
            "notification-url": "https://packagist.org/downloads/",
            "license": [
                "GPL-2.0-or-later"
            ],
            "authors": [
                {
                    "name": "Incomaker",
                    "email": "support@incomaker.com"
                }
            ],
            "description": "Incomaker API library",
            "support": {
                "issues": "https://github.com/incomaker/api/issues",
                "source": "https://github.com/incomaker/api/tree/3.0.0"
            },
            "time": "2023-05-19T15:59:47+00:00"
        },
        {
            "name": "woocommerce/action-scheduler",
            "version": "3.6.1",
            "source": {
                "type": "git",
                "url": "https://github.com/woocommerce/action-scheduler.git",
                "reference": "7fd383cad3d64b419ec81bcd05bab44355a6e6ef"
            },
            "dist": {
                "type": "zip",
                "url": "https://api.github.com/repos/woocommerce/action-scheduler/zipball/7fd383cad3d64b419ec81bcd05bab44355a6e6ef",
                "reference": "7fd383cad3d64b419ec81bcd05bab44355a6e6ef",
                "shasum": ""
            },
            "require-dev": {
                "phpunit/phpunit": "^7.5",
                "woocommerce/woocommerce-sniffs": "0.1.0",
                "wp-cli/wp-cli": "~2.5.0",
                "yoast/phpunit-polyfills": "^1.0"
            },
            "type": "wordpress-plugin",
            "extra": {
                "scripts-description": {
                    "test": "Run unit tests",
                    "phpcs": "Analyze code against the WordPress coding standards with PHP_CodeSniffer",
                    "phpcbf": "Fix coding standards warnings/errors automatically with PHP Code Beautifier"
                }
            },
            "notification-url": "https://packagist.org/downloads/",
            "license": [
                "GPL-3.0-or-later"
            ],
            "description": "Action Scheduler for WordPress and WooCommerce",
            "homepage": "https://actionscheduler.org/",
            "support": {
                "issues": "https://github.com/woocommerce/action-scheduler/issues",
                "source": "https://github.com/woocommerce/action-scheduler/tree/3.6.1"
            },
            "time": "2023-06-14T19:23:12+00:00"
        }
    ],
    "packages-dev": [],
    "aliases": [],
    "minimum-stability": "stable",
    "stability-flags": [],
    "prefer-stable": false,
    "prefer-lowest": false,
    "platform": [],
    "platform-dev": [],
    "plugin-api-version": "2.3.0"
}
